// !$*UTF8*$!
{
	archiveVersion = 1;
	classes = {
	};
	objectVersion = 56;
	objects = {

/* Begin PBXBuildFile section */
		234E11AC2999FCC800DAA7C4 /* SimpleDiaryTutorialsApp.swift in Sources */ = {isa = PBXBuildFile; fileRef = 234E11AB2999FCC800DAA7C4 /* SimpleDiaryTutorialsApp.swift */; };
		234E11AE2999FCC800DAA7C4 /* ContentView.swift in Sources */ = {isa = PBXBuildFile; fileRef = 234E11AD2999FCC800DAA7C4 /* ContentView.swift */; };
		234E11B02999FCC800DAA7C4 /* Assets.xcassets in Resources */ = {isa = PBXBuildFile; fileRef = 234E11AF2999FCC800DAA7C4 /* Assets.xcassets */; };
		234E11B32999FCC800DAA7C4 /* Preview Assets.xcassets in Resources */ = {isa = PBXBuildFile; fileRef = 234E11B22999FCC800DAA7C4 /* Preview Assets.xcassets */; };
		234E11BA2999FCFF00DAA7C4 /* DiaryModel.swift in Sources */ = {isa = PBXBuildFile; fileRef = 234E11B92999FCFF00DAA7C4 /* DiaryModel.swift */; };
		234E11BC2999FE5D00DAA7C4 /* DiaryDataManager.swift in Sources */ = {isa = PBXBuildFile; fileRef = 234E11BB2999FE5D00DAA7C4 /* DiaryDataManager.swift */; };
		234E11BE299A017500DAA7C4 /* DiaryInputModal.swift in Sources */ = {isa = PBXBuildFile; fileRef = 234E11BD299A017500DAA7C4 /* DiaryInputModal.swift */; };
/* End PBXBuildFile section */

/* Begin PBXFileReference section */
		234E11A82999FCC800DAA7C4 /* SimpleDiaryTutorials.app */ = {isa = PBXFileReference; explicitFileType = wrapper.application; includeInIndex = 0; path = SimpleDiaryTutorials.app; sourceTree = BUILT_PRODUCTS_DIR; };
		234E11AB2999FCC800DAA7C4 /* SimpleDiaryTutorialsApp.swift */ = {isa = PBXFileReference; lastKnownFileType = sourcecode.swift; path = SimpleDiaryTutorialsApp.swift; sourceTree = "<group>"; };
		234E11AD2999FCC800DAA7C4 /* ContentView.swift */ = {isa = PBXFileReference; lastKnownFileType = sourcecode.swift; path = ContentView.swift; sourceTree = "<group>"; };
		234E11AF2999FCC800DAA7C4 /* Assets.xcassets */ = {isa = PBXFileReference; lastKnownFileType = folder.assetcatalog; path = Assets.xcassets; sourceTree = "<group>"; };
		234E11B22999FCC800DAA7C4 /* Preview Assets.xcassets */ = {isa = PBXFileReference; lastKnownFileType = folder.assetcatalog; path = "Preview Assets.xcassets"; sourceTree = "<group>"; };
		234E11B92999FCFF00DAA7C4 /* DiaryModel.swift */ = {isa = PBXFileReference; lastKnownFileType = sourcecode.swift; path = DiaryModel.swift; sourceTree = "<group>"; };
		234E11BB2999FE5D00DAA7C4 /* DiaryDataManager.swift */ = {isa = PBXFileReference; lastKnownFileType = sourcecode.swift; path = DiaryDataManager.swift; sourceTree = "<group>"; };
		234E11BD299A017500DAA7C4 /* DiaryInputModal.swift */ = {isa = PBXFileReference; lastKnownFileType = sourcecode.swift; path = DiaryInputModal.swift; sourceTree = "<group>"; };
/* End PBXFileReference section */

/* Begin PBXFrameworksBuildPhase section */
		234E11A52999FCC800DAA7C4 /* Frameworks */ = {
			isa = PBXFrameworksBuildPhase;
			buildActionMask = 2147483647;
			files = (
			);
			runOnlyForDeploymentPostprocessing = 0;
		};
/* End PBXFrameworksBuildPhase section */

/* Begin PBXGroup section */
		234E119F2999FCC700DAA7C4 = {
			isa = PBXGroup;
			children = (
				234E11AA2999FCC800DAA7C4 /* SimpleDiaryTutorials */,
				234E11A92999FCC800DAA7C4 /* Products */,
			);
			sourceTree = "<group>";
		};
		234E11A92999FCC800DAA7C4 /* Products */ = {
			isa = PBXGroup;
			children = (
				234E11A82999FCC800DAA7C4 /* SimpleDiaryTutorials.app */,
			);
			name = Products;
			sourceTree = "<group>";
		};
		234E11AA2999FCC800DAA7C4 /* SimpleDiaryTutorials */ = {
			isa = PBXGroup;
			children = (
				234E11AB2999FCC800DAA7C4 /* SimpleDiaryTutorialsApp.swift */,
				234E11AD2999FCC800DAA7C4 /* ContentView.swift */,
				234E11B92999FCFF00DAA7C4 /* DiaryModel.swift */,
				234E11BD299A017500DAA7C4 /* DiaryInputModal.swift */,
				234E11BB2999FE5D00DAA7C4 /* DiaryDataManager.swift */,
				234E11AF2999FCC800DAA7C4 /* Assets.xcassets */,
				234E11B12999FCC800DAA7C4 /* Preview Content */,
			);
			path = SimpleDiaryTutorials;
			sourceTree = "<group>";
		};
		234E11B12999FCC800DAA7C4 /* Preview Content */ = {
			isa = PBXGroup;
			children = (
				234E11B22999FCC800DAA7C4 /* Preview Assets.xcassets */,
			);
			path = "Preview Content";
			sourceTree = "<group>";
		};
/* End PBXGroup section */

/* Begin PBXNativeTarget section */
		234E11A72999FCC800DAA7C4 /* SimpleDiaryTutorials */ = {
			isa = PBXNativeTarget;
			buildConfigurationList = 234E11B62999FCC800DAA7C4 /* Build configuration list for PBXNativeTarget "SimpleDiaryTutorials" */;
			buildPhases = (
				234E11A42999FCC800DAA7C4 /* Sources */,
				234E11A52999FCC800DAA7C4 /* Frameworks */,
				234E11A62999FCC800DAA7C4 /* Resources */,
			);
			buildRules = (
			);
			dependencies = (
			);
			name = SimpleDiaryTutorials;
			productName = SimpleDiaryTutorials;
			productReference = 234E11A82999FCC800DAA7C4 /* SimpleDiaryTutorials.app */;
			productType = "com.apple.product-type.application";
		};
/* End PBXNativeTarget section */

/* Begin PBXProject section */
		234E11A02999FCC700DAA7C4 /* Project object */ = {
			isa = PBXProject;
			attributes = {
				BuildIndependentTargetsInParallel = 1;
				LastSwiftUpdateCheck = 1420;
				LastUpgradeCheck = 1420;
				TargetAttributes = {
					234E11A72999FCC800DAA7C4 = {
						CreatedOnToolsVersion = 14.2;
					};
				};
			};
			buildConfigurationList = 234E11A32999FCC700DAA7C4 /* Build configuration list for PBXProject "SimpleDiaryTutorials" */;
			compatibilityVersion = "Xcode 14.0";
			developmentRegion = en;
			hasScannedForEncodings = 0;
			knownRegions = (
				en,
				Base,
			);
			mainGroup = 234E119F2999FCC700DAA7C4;
			productRefGroup = 234E11A92999FCC800DAA7C4 /* Products */;
			projectDirPath = "";
			projectRoot = "";
			targets = (
				234E11A72999FCC800DAA7C4 /* SimpleDiaryTutorials */,
			);
		};
/* End PBXProject section */

/* Begin PBXResourcesBuildPhase section */
		234E11A62999FCC800DAA7C4 /* Resources */ = {
			isa = PBXResourcesBuildPhase;
			buildActionMask = 2147483647;
			files = (
				234E11B32999FCC800DAA7C4 /* Preview Assets.xcassets in Resources */,
				234E11B02999FCC800DAA7C4 /* Assets.xcassets in Resources */,
			);
			runOnlyForDeploymentPostprocessing = 0;
		};
/* End PBXResourcesBuildPhase section */

/* Begin PBXSourcesBuildPhase section */
		234E11A42999FCC800DAA7C4 /* Sources */ = {
			isa = PBXSourcesBuildPhase;
			buildActionMask = 2147483647;
			files = (
				234E11AE2999FCC800DAA7C4 /* ContentView.swift in Sources */,
				234E11BA2999FCFF00DAA7C4 /* DiaryModel.swift in Sources */,
				234E11BE299A017500DAA7C4 /* DiaryInputModal.swift in Sources */,
				234E11AC2999FCC800DAA7C4 /* SimpleDiaryTutorialsApp.swift in Sources */,
				234E11BC2999FE5D00DAA7C4 /* DiaryDataManager.swift in Sources */,
			);
			runOnlyForDeploymentPostprocessing = 0;
		};
/* End PBXSourcesBuildPhase section */

/* Begin XCBuildConfiguration section */
		234E11B42999FCC800DAA7C4 /* Debug */ = {
			isa = XCBuildConfiguration;
			buildSettings = {
				ALWAYS_SEARCH_USER_PATHS = NO;
				CLANG_ANALYZER_NONNULL = YES;
				CLANG_ANALYZER_NUMBER_OBJECT_CONVERSION = YES_AGGRESSIVE;
				CLANG_CXX_LANGUAGE_STANDARD = "gnu++20";
				CLANG_ENABLE_MODULES = YES;
				CLANG_ENABLE_OBJC_ARC = YES;
				CLANG_ENABLE_OBJC_WEAK = YES;
				CLANG_WARN_BLOCK_CAPTURE_AUTORELEASING = YES;
				CLANG_WARN_BOOL_CONVERSION = YES;
				CLANG_WARN_COMMA = YES;
				CLANG_WARN_CONSTANT_CONVERSION = YES;
				CLANG_WARN_DEPRECATED_OBJC_IMPLEMENTATIONS = YES;
				CLANG_WARN_DIRECT_OBJC_ISA_USAGE = YES_ERROR;
				CLANG_WARN_DOCUMENTATION_COMMENTS = YES;
				CLANG_WARN_EMPTY_BODY = YES;
				CLANG_WARN_ENUM_CONVERSION = YES;
				CLANG_WARN_INFINITE_RECURSION = YES;
				CLANG_WARN_INT_CONVERSION = YES;
				CLANG_WARN_NON_LITERAL_NULL_CONVERSION = YES;
				CLANG_WARN_OBJC_IMPLICIT_RETAIN_SELF = YES;
				CLANG_WARN_OBJC_LITERAL_CONVERSION = YES;
				CLANG_WARN_OBJC_ROOT_CLASS = YES_ERROR;
				CLANG_WARN_QUOTED_INCLUDE_IN_FRAMEWORK_HEADER = YES;
				CLANG_WARN_RANGE_LOOP_ANALYSIS = YES;
				CLANG_WARN_STRICT_PROTOTYPES = YES;
				CLANG_WARN_SUSPICIOUS_MOVE = YES;
				CLANG_WARN_UNGUARDED_AVAILABILITY = YES_AGGRESSIVE;
				CLANG_WARN_UNREACHABLE_CODE = YES;
				CLANG_WARN__DUPLICATE_METHOD_MATCH = YES;
				COPY_PHASE_STRIP = NO;
				DEBUG_INFORMATION_FORMAT = dwarf;
				ENABLE_STRICT_OBJC_MSGSEND = YES;
				ENABLE_TESTABILITY = YES;
				GCC_C_LANGUAGE_STANDARD = gnu11;
				GCC_DYNAMIC_NO_PIC = NO;
				GCC_NO_COMMON_BLOCKS = YES;
				GCC_OPTIMIZATION_LEVEL = 0;
				GCC_PREPROCESSOR_DEFINITIONS = (
					"DEBUG=1",
					"$(inherited)",
				);
				GCC_WARN_64_TO_32_BIT_CONVERSION = YES;
				GCC_WARN_ABOUT_RETURN_TYPE = YES_ERROR;
				GCC_WARN_UNDECLARED_SELECTOR = YES;
				GCC_WARN_UNINITIALIZED_AUTOS = YES_AGGRESSIVE;
				GCC_WARN_UNUSED_FUNCTION = YES;
				GCC_WARN_UNUSED_VARIABLE = YES;
				IPHONEOS_DEPLOYMENT_TARGET = 16.2;
				MTL_ENABLE_DEBUG_INFO = INCLUDE_SOURCE;
				MTL_FAST_MATH = YES;
				ONLY_ACTIVE_ARCH = YES;
				SDKROOT = iphoneos;
				SWIFT_ACTIVE_COMPILATION_CONDITIONS = DEBUG;
				SWIFT_OPTIMIZATION_LEVEL = "-Onone";
			};
			name = Debug;
		};
		234E11B52999FCC800DAA7C4 /* Release */ = {
			isa = XCBuildConfiguration;
			buildSettings = {
				ALWAYS_SEARCH_USER_PATHS = NO;
				CLANG_ANALYZER_NONNULL = YES;
				CLANG_ANALYZER_NUMBER_OBJECT_CONVERSION = YES_AGGRESSIVE;
				CLANG_CXX_LANGUAGE_STANDARD = "gnu++20";
				CLANG_ENABLE_MODULES = YES;
				CLANG_ENABLE_OBJC_ARC = YES;
				CLANG_ENABLE_OBJC_WEAK = YES;
				CLANG_WARN_BLOCK_CAPTURE_AUTORELEASING = YES;
				CLANG_WARN_BOOL_CONVERSION = YES;
				CLANG_WARN_COMMA = YES;
				CLANG_WARN_CONSTANT_CONVERSION = YES;
				CLANG_WARN_DEPRECATED_OBJC_IMPLEMENTATIONS = YES;
				CLANG_WARN_DIRECT_OBJC_ISA_USAGE = YES_ERROR;
				CLANG_WARN_DOCUMENTATION_COMMENTS = YES;
				CLANG_WARN_EMPTY_BODY = YES;
				CLANG_WARN_ENUM_CONVERSION = YES;
				CLANG_WARN_INFINITE_RECURSION = YES;
				CLANG_WARN_INT_CONVERSION = YES;
				CLANG_WARN_NON_LITERAL_NULL_CONVERSION = YES;
				CLANG_WARN_OBJC_IMPLICIT_RETAIN_SELF = YES;
				CLANG_WARN_OBJC_LITERAL_CONVERSION = YES;
				CLANG_WARN_OBJC_ROOT_CLASS = YES_ERROR;
				CLANG_WARN_QUOTED_INCLUDE_IN_FRAMEWORK_HEADER = YES;
				CLANG_WARN_RANGE_LOOP_ANALYSIS = YES;
				CLANG_WARN_STRICT_PROTOTYPES = YES;
				CLANG_WARN_SUSPICIOUS_MOVE = YES;
				CLANG_WARN_UNGUARDED_AVAILABILITY = YES_AGGRESSIVE;
				CLANG_WARN_UNREACHABLE_CODE = YES;
				CLANG_WARN__DUPLICATE_METHOD_MATCH = YES;
				COPY_PHASE_STRIP = NO;
				DEBUG_INFORMATION_FORMAT = "dwarf-with-dsym";
				ENABLE_NS_ASSERTIONS = NO;
				ENABLE_STRICT_OBJC_MSGSEND = YES;
				GCC_C_LANGUAGE_STANDARD = gnu11;
				GCC_NO_COMMON_BLOCKS = YES;
				GCC_WARN_64_TO_32_BIT_CONVERSION = YES;
				GCC_WARN_ABOUT_RETURN_TYPE = YES_ERROR;
				GCC_WARN_UNDECLARED_SELECTOR = YES;
				GCC_WARN_UNINITIALIZED_AUTOS = YES_AGGRESSIVE;
				GCC_WARN_UNUSED_FUNCTION = YES;
				GCC_WARN_UNUSED_VARIABLE = YES;
				IPHONEOS_DEPLOYMENT_TARGET = 16.2;
				MTL_ENABLE_DEBUG_INFO = NO;
				MTL_FAST_MATH = YES;
				SDKROOT = iphoneos;
				SWIFT_COMPILATION_MODE = wholemodule;
				SWIFT_OPTIMIZATION_LEVEL = "-O";
				VALIDATE_PRODUCT = YES;
			};
			name = Release;
		};
		234E11B72999FCC800DAA7C4 /* Debug */ = {
			isa = XCBuildConfiguration;
			buildSettings = {
				ASSETCATALOG_COMPILER_APPICON_NAME = AppIcon;
				ASSETCATALOG_COMPILER_GLOBAL_ACCENT_COLOR_NAME = AccentColor;
				CODE_SIGN_STYLE = Automatic;
				CURRENT_PROJECT_VERSION = 1;
				DEVELOPMENT_ASSET_PATHS = "\"SimpleDiaryTutorials/Preview Content\"";
				DEVELOPMENT_TEAM = 7C7SCD9HB4;
				ENABLE_PREVIEWS = YES;
				GENERATE_INFOPLIST_FILE = YES;
				INFOPLIST_KEY_UIApplicationSceneManifest_Generation = YES;
				INFOPLIST_KEY_UIApplicationSupportsIndirectInputEvents = YES;
				INFOPLIST_KEY_UILaunchScreen_Generation = YES;
				INFOPLIST_KEY_UISupportedInterfaceOrientations_iPad = "UIInterfaceOrientationPortrait UIInterfaceOrientationPortraitUpsideDown UIInterfaceOrientationLandscapeLeft UIInterfaceOrientationLandscapeRight";
				INFOPLIST_KEY_UISupportedInterfaceOrientations_iPhone = "UIInterfaceOrientationPortrait UIInterfaceOrientationLandscapeLeft UIInterfaceOrientationLandscapeRight";
				LD_RUNPATH_SEARCH_PATHS = (
					"$(inherited)",
					"@executable_path/Frameworks",
				);
				MARKETING_VERSION = 1.0;
				PRODUCT_BUNDLE_IDENTIFIER = com.sglee.SimpleDiaryTutorials;
				PRODUCT_NAME = "$(TARGET_NAME)";
				SWIFT_EMIT_LOC_STRINGS = YES;
				SWIFT_VERSION = 5.0;
				TARGETED_DEVICE_FAMILY = "1,2";
			};
			name = Debug;
		};
		234E11B82999FCC800DAA7C4 /* Release */ = {
			isa = XCBuildConfiguration;
			buildSettings = {
				ASSETCATALOG_COMPILER_APPICON_NAME = AppIcon;
				ASSETCATALOG_COMPILER_GLOBAL_ACCENT_COLOR_NAME = AccentColor;
				CODE_SIGN_STYLE = Automatic;
				CURRENT_PROJECT_VERSION = 1;
				DEVELOPMENT_ASSET_PATHS = "\"SimpleDiaryTutorials/Preview Content\"";
				DEVELOPMENT_TEAM = 7C7SCD9HB4;
				ENABLE_PREVIEWS = YES;
				GENERATE_INFOPLIST_FILE = YES;
				INFOPLIST_KEY_UIApplicationSceneManifest_Generation = YES;
				INFOPLIST_KEY_UIApplicationSupportsIndirectInputEvents = YES;
				INFOPLIST_KEY_UILaunchScreen_Generation = YES;
				INFOPLIST_KEY_UISupportedInterfaceOrientations_iPad = "UIInterfaceOrientationPortrait UIInterfaceOrientationPortraitUpsideDown UIInterfaceOrientationLandscapeLeft UIInterfaceOrientationLandscapeRight";
				INFOPLIST_KEY_UISupportedInterfaceOrientations_iPhone = "UIInterfaceOrientationPortrait UIInterfaceOrientationLandscapeLeft UIInterfaceOrientationLandscapeRight";
				LD_RUNPATH_SEARCH_PATHS = (
					"$(inherited)",
					"@executable_path/Frameworks",
				);
				MARKETING_VERSION = 1.0;
				PRODUCT_BUNDLE_IDENTIFIER = com.sglee.SimpleDiaryTutorials;
				PRODUCT_NAME = "$(TARGET_NAME)";
				SWIFT_EMIT_LOC_STRINGS = YES;
				SWIFT_VERSION = 5.0;
				TARGETED_DEVICE_FAMILY = "1,2";
			};
			name = Release;
		};
/* End XCBuildConfiguration section */

/* Begin XCConfigurationList section */
		234E11A32999FCC700DAA7C4 /* Build configuration list for PBXProject "SimpleDiaryTutorials" */ = {
			isa = XCConfigurationList;
			buildConfigurations = (
				234E11B42999FCC800DAA7C4 /* Debug */,
				234E11B52999FCC800DAA7C4 /* Release */,
			);
			defaultConfigurationIsVisible = 0;
			defaultConfigurationName = Release;
		};
		234E11B62999FCC800DAA7C4 /* Build configuration list for PBXNativeTarget "SimpleDiaryTutorials" */ = {
			isa = XCConfigurationList;
			buildConfigurations = (
				234E11B72999FCC800DAA7C4 /* Debug */,
				234E11B82999FCC800DAA7C4 /* Release */,
			);
			defaultConfigurationIsVisible = 0;
			defaultConfigurationName = Release;
		};
/* End XCConfigurationList section */
	};
	rootObject = 234E11A02999FCC700DAA7C4 /* Project object */;
}
